
Microsoft Visual Studio Solution File, Format Version 12.00
# Visual Studio 15
VisualStudioVersion = 15.0.27130.2036
MinimumVisualStudioVersion = 10.0.40219.1
Project("{FAE04EC0-301F-11D3-BF4B-00C04F79EFBC}") = "WebEval", "WebEval\WebEval.csproj", "{56078523-A6DD-46C2-ABC1-71B05278339E}"
EndProject
Global
	GlobalSection(SolutionConfigurationPlatforms) = preSolution
		Debug|Any CPU = Debug|Any CPU
		Release|Any CPU = Release|Any CPU
	EndGlobalSection
	GlobalSection(ProjectConfigurationPlatforms) = postSolution
		{56078523-A6DD-46C2-ABC1-71B05278339E}.Debug|Any CPU.ActiveCfg = Debug|Any CPU
		{56078523-A6DD-46C2-ABC1-71B05278339E}.Debug|Any CPU.Build.0 = Debug|Any CPU
		{56078523-A6DD-46C2-ABC1-71B05278339E}.Release|Any CPU.ActiveCfg = Release|Any CPU
		{56078523-A6DD-46C2-ABC1-71B05278339E}.Release|Any CPU.Build.0 = Release|Any CPU
	EndGlobalSection
	GlobalSection(SolutionProperties) = preSolution
		HideSolutionNode = FALSE
	EndGlobalSection
	GlobalSection(ExtensibilityGlobals) = postSolution
		SolutionGuid = {725D98F2-E15A-475E-B877-9C172E19D281}
	EndGlobalSection
EndGlobal
